
Microsoft Visual Studio Solution File, Format Version 12.00
# Visual Studio Version 17
VisualStudioVersion = 17.11.35312.102
MinimumVisualStudioVersion = 10.0.40219.1
Project("{9A19103F-16F7-4668-BE54-9A1E7A4F7556}") = "TodoListDTOs", "TodoListDTOs\TodoListDTOs.csproj", "{58B18E94-A04B-41E9-BC52-7EF12D3B9EFE}"
EndProject
Project("{9A19103F-16F7-4668-BE54-9A1E7A4F7556}") = "TodoListDTOs.Tests", "TodoListDTOs.Tests\TodoListDTOs.Tests.csproj", "{055003E2-2C31-42F2-A620-EFB1B9DBBD1B}"
EndProject
Project("{FAE04EC0-301F-11D3-BF4B-00C04F79EFBC}") = "Benchmarks", "Benchmarks\Benchmarks.csproj", "{0A6B629A-8E52-48AE-84A0-1ABA9952BAA4}"
EndProject
Project("{FAE04EC0-301F-11D3-BF4B-00C04F79EFBC}") = "Benchmarks.Tests", "Benchmarks.Tests\Benchmarks.Tests.csproj", "{E633241D-CBF8-4852-9939-65A218ACC55A}"
EndProject
Project("{FAE04EC0-301F-11D3-BF4B-00C04F79EFBC}") = "Sandpit", "Sandpit\Sandpit.csproj", "{67A19773-754F-41F6-898D-0AED0A21B30B}"
EndProject
Project("{FAE04EC0-301F-11D3-BF4B-00C04F79EFBC}") = "Sandpit2", "Sandpit2\Sandpit2.csproj", "{88185BC3-DD0E-43F3-B409-F7E13F2572B6}"
EndProject
Project("{FAE04EC0-301F-11D3-BF4B-00C04F79EFBC}") = "SampleDTO.Basic", "SampleDTO.Basic\SampleDTO.Basic.csproj", "{C8F8A08E-2A78-40DF-9464-5C1EDD9EF777}"
EndProject
Project("{FAE04EC0-301F-11D3-BF4B-00C04F79EFBC}") = "SampleDTO.Strings", "SampleDTO.Strings\SampleDTO.Strings.csproj", "{0154D548-5321-4204-A8AB-56B32CC187CB}"
EndProject
Global
	GlobalSection(SolutionConfigurationPlatforms) = preSolution
		Debug|Any CPU = Debug|Any CPU
		Release|Any CPU = Release|Any CPU
	EndGlobalSection
	GlobalSection(ProjectConfigurationPlatforms) = postSolution
		{58B18E94-A04B-41E9-BC52-7EF12D3B9EFE}.Debug|Any CPU.ActiveCfg = Debug|Any CPU
		{58B18E94-A04B-41E9-BC52-7EF12D3B9EFE}.Debug|Any CPU.Build.0 = Debug|Any CPU
		{58B18E94-A04B-41E9-BC52-7EF12D3B9EFE}.Release|Any CPU.ActiveCfg = Release|Any CPU
		{58B18E94-A04B-41E9-BC52-7EF12D3B9EFE}.Release|Any CPU.Build.0 = Release|Any CPU
		{055003E2-2C31-42F2-A620-EFB1B9DBBD1B}.Debug|Any CPU.ActiveCfg = Debug|Any CPU
		{055003E2-2C31-42F2-A620-EFB1B9DBBD1B}.Debug|Any CPU.Build.0 = Debug|Any CPU
		{055003E2-2C31-42F2-A620-EFB1B9DBBD1B}.Release|Any CPU.ActiveCfg = Release|Any CPU
		{055003E2-2C31-42F2-A620-EFB1B9DBBD1B}.Release|Any CPU.Build.0 = Release|Any CPU
		{0A6B629A-8E52-48AE-84A0-1ABA9952BAA4}.Debug|Any CPU.ActiveCfg = Debug|Any CPU
		{0A6B629A-8E52-48AE-84A0-1ABA9952BAA4}.Debug|Any CPU.Build.0 = Debug|Any CPU
		{0A6B629A-8E52-48AE-84A0-1ABA9952BAA4}.Release|Any CPU.ActiveCfg = Release|Any CPU
		{0A6B629A-8E52-48AE-84A0-1ABA9952BAA4}.Release|Any CPU.Build.0 = Release|Any CPU
		{E633241D-CBF8-4852-9939-65A218ACC55A}.Debug|Any CPU.ActiveCfg = Debug|Any CPU
		{E633241D-CBF8-4852-9939-65A218ACC55A}.Debug|Any CPU.Build.0 = Debug|Any CPU
		{E633241D-CBF8-4852-9939-65A218ACC55A}.Release|Any CPU.ActiveCfg = Release|Any CPU
		{E633241D-CBF8-4852-9939-65A218ACC55A}.Release|Any CPU.Build.0 = Release|Any CPU
		{67A19773-754F-41F6-898D-0AED0A21B30B}.Debug|Any CPU.ActiveCfg = Debug|Any CPU
		{67A19773-754F-41F6-898D-0AED0A21B30B}.Debug|Any CPU.Build.0 = Debug|Any CPU
		{67A19773-754F-41F6-898D-0AED0A21B30B}.Release|Any CPU.ActiveCfg = Release|Any CPU
		{67A19773-754F-41F6-898D-0AED0A21B30B}.Release|Any CPU.Build.0 = Release|Any CPU
		{88185BC3-DD0E-43F3-B409-F7E13F2572B6}.Debug|Any CPU.ActiveCfg = Debug|Any CPU
		{88185BC3-DD0E-43F3-B409-F7E13F2572B6}.Debug|Any CPU.Build.0 = Debug|Any CPU
		{88185BC3-DD0E-43F3-B409-F7E13F2572B6}.Release|Any CPU.ActiveCfg = Release|Any CPU
		{88185BC3-DD0E-43F3-B409-F7E13F2572B6}.Release|Any CPU.Build.0 = Release|Any CPU
		{C8F8A08E-2A78-40DF-9464-5C1EDD9EF777}.Debug|Any CPU.ActiveCfg = Debug|Any CPU
		{C8F8A08E-2A78-40DF-9464-5C1EDD9EF777}.Debug|Any CPU.Build.0 = Debug|Any CPU
		{C8F8A08E-2A78-40DF-9464-5C1EDD9EF777}.Release|Any CPU.ActiveCfg = Release|Any CPU
		{C8F8A08E-2A78-40DF-9464-5C1EDD9EF777}.Release|Any CPU.Build.0 = Release|Any CPU
		{0154D548-5321-4204-A8AB-56B32CC187CB}.Debug|Any CPU.ActiveCfg = Debug|Any CPU
		{0154D548-5321-4204-A8AB-56B32CC187CB}.Debug|Any CPU.Build.0 = Debug|Any CPU
		{0154D548-5321-4204-A8AB-56B32CC187CB}.Release|Any CPU.ActiveCfg = Release|Any CPU
		{0154D548-5321-4204-A8AB-56B32CC187CB}.Release|Any CPU.Build.0 = Release|Any CPU
	EndGlobalSection
	GlobalSection(SolutionProperties) = preSolution
		HideSolutionNode = FALSE
	EndGlobalSection
	GlobalSection(ExtensibilityGlobals) = postSolution
		SolutionGuid = {3B4BBE6A-3DAD-4D75-8623-E68F9C377629}
	EndGlobalSection
EndGlobal
